{
  "version": 1,
  "dependencies": {
    ".NETStandard,Version=v2.1": {
      "FluentResults": {
        "type": "Direct",
        "requested": "[3.16.0, )",
        "resolved": "3.16.0",
        "contentHash": "VWacGzOyN9k7LOKqiNLnFvqTDLbFvepHlINdM3pPTD0YWI+a+VW/Q9gcx4gmJDpDZ32cAsczz5vmRjLCL5UOhA==",
        "dependencies": {
          "Microsoft.Extensions.Logging.Abstractions": "2.1.1",
          "System.Threading.Tasks.Extensions": "4.5.4"
        }
      },
      "Microsoft.Extensions.ApiDescription.Client": {
        "type": "Direct",
        "requested": "[8.0.10, )",
        "resolved": "8.0.10",
        "contentHash": "2avw5tqHeUwkp4iaRD5z7w82/UAL1XDNNg5zdCadpHjeF2TIGB2YdwtPnxSt0URJwRcB+EyiGV9+qZ9I5tKCbg=="
      },
      "Newtonsoft.Json": {
        "type": "Direct",
        "requested": "[13.0.3, )",
        "resolved": "13.0.3",
        "contentHash": "HrC5BXdl00IP9zeV+0Z848QWPAoCr9P3bDEZguI+gkLcBKAOxix/tLEAAHC+UvDNPv4a2d18lOReHMOagPa+zQ=="
      },
      "NSwag.ApiDescription.Client": {
        "type": "Direct",
        "requested": "[14.1.0, )",
        "resolved": "14.1.0",
        "contentHash": "DnqjXwi+f3FdZVFhh2RZVCS+ZwmsD2pVBcEFdFiSQGddRw/f5p2y7GXlrPhU66pFk4NuJyViV8TeUmwiD+jEEg==",
        "dependencies": {
          "Microsoft.Extensions.ApiDescription.Client": "6.0.3",
          "NSwag.MSBuild": "14.1.0"
        }
      },
      "Microsoft.Extensions.Logging.Abstractions": {
        "type": "Transitive",
        "resolved": "2.1.1",
        "contentHash": "XRzK7ZF+O6FzdfWrlFTi1Rgj2080ZDsd46vzOjadHUB0Cz5kOvDG8vI7caa5YFrsHQpcfn0DxtjS4E46N4FZsA=="
      },
      "NSwag.MSBuild": {
        "type": "Transitive",
        "resolved": "14.1.0",
        "contentHash": "Y7ydRTUCUi1DaVml6r3W7NMgvhkkJY1CTnFfc3jQIBPHwvvegVqRD3C5xdPwgZp+KZ5dUarH6bfK3J2Y2FjVhQ=="
      },
      "System.Runtime.CompilerServices.Unsafe": {
        "type": "Transitive",
        "resolved": "4.5.3",
        "contentHash": "3TIsJhD1EiiT0w2CcDMN/iSSwnNnsrnbzeVHSKkaEgV85txMprmuO+Yq2AdSbeVGcg28pdNDTPK87tJhX7VFHw=="
      },
      "System.Threading.Tasks.Extensions": {
        "type": "Transitive",
        "resolved": "4.5.4",
        "contentHash": "zteT+G8xuGu6mS+mzDzYXbzS7rd3K6Fjb9RiZlYlJPam2/hU7JCBZBVEcywNuR+oZ1ncTvc/cq0faRr3P01OVg==",
        "dependencies": {
          "System.Runtime.CompilerServices.Unsafe": "4.5.3"
        }
      }
    }
  }
}