{
  "version": 1,
  "dependencies": {
    ".NETStandard,Version=v2.1": {
      "FluentResults": {
        "type": "Direct",
        "requested": "[3.15.1, )",
        "resolved": "3.15.1",
        "contentHash": "F5zd5+5cOG0Kn0rAXsoA3B2+7FHkCEHpz7d+tdcKZ25P1iufk1MqtfKR9fLZ+vTv9hekVpj9hi3h5Fv5/rQTzw==",
        "dependencies": {
          "Microsoft.Extensions.Logging.Abstractions": "6.0.1",
          "System.Threading.Tasks.Extensions": "4.5.4"
        }
      },
      "Microsoft.Extensions.ApiDescription.Client": {
        "type": "Direct",
        "requested": "[7.0.2, )",
        "resolved": "7.0.2",
        "contentHash": "gSObdZ5LVFpgkdY8Tt1RzVD+8Xd7SN95ePuPiceAZbRL/EHZzAVTiH2sNsRwHcuMBu7nlTpeMDUjJDUCQuvK0A=="
      },
      "Newtonsoft.Json": {
        "type": "Direct",
        "requested": "[13.0.2, )",
        "resolved": "13.0.2",
        "contentHash": "R2pZ3B0UjeyHShm9vG+Tu0EBb2lC8b0dFzV9gVn50ofHXh9Smjk6kTn7A/FdAsC8B5cKib1OnGYOXxRBz5XQDg=="
      },
      "NSwag.ApiDescription.Client": {
        "type": "Direct",
        "requested": "[13.18.2, )",
        "resolved": "13.18.2",
        "contentHash": "uViMdjUscfeqrlDY4q9O2a0t2cMqsOx1kdX9WLyQjTXea1xjAHgQFCYlgE6ibwkYcUDJDlwEYUzvsJelL6SY3g==",
        "dependencies": {
          "Microsoft.Extensions.ApiDescription.Client": "6.0.3",
          "NSwag.MSBuild": "13.18.2"
        }
      },
      "Microsoft.Extensions.Logging.Abstractions": {
        "type": "Transitive",
        "resolved": "6.0.1",
        "contentHash": "dzB2Cgg+JmrouhjkcQGzSFjjvpwlq353i8oBQO2GWNjCXSzhbtBRUf28HSauWe7eib3wYOdb3tItdjRwAdwCSg==",
        "dependencies": {
          "System.Buffers": "4.5.1",
          "System.Memory": "4.5.4"
        }
      },
      "NSwag.MSBuild": {
        "type": "Transitive",
        "resolved": "13.18.2",
        "contentHash": "SRQ3mONkfbJWhZxA1yOFMJMXavUvnXwcoYU23qoVqSEY2G+y8jZuq9ErWm76JT0Kn5/Ml5UhG1FWmLhkqd4/+A=="
      },
      "System.Buffers": {
        "type": "Transitive",
        "resolved": "4.5.1",
        "contentHash": "Rw7ijyl1qqRS0YQD/WycNst8hUUMgrMH4FCn1nNm27M4VxchZ1js3fVjQaANHO5f3sN4isvP4a+Met9Y4YomAg=="
      },
      "System.Memory": {
        "type": "Transitive",
        "resolved": "4.5.4",
        "contentHash": "1MbJTHS1lZ4bS4FmsJjnuGJOu88ZzTT2rLvrhW7Ygic+pC0NWA+3hgAen0HRdsocuQXCkUTdFn9yHJJhsijDXw==",
        "dependencies": {
          "System.Buffers": "4.5.1",
          "System.Numerics.Vectors": "4.4.0",
          "System.Runtime.CompilerServices.Unsafe": "4.5.3"
        }
      },
      "System.Numerics.Vectors": {
        "type": "Transitive",
        "resolved": "4.4.0",
        "contentHash": "UiLzLW+Lw6HLed1Hcg+8jSRttrbuXv7DANVj0DkL9g6EnnzbL75EB7EWsw5uRbhxd/4YdG8li5XizGWepmG3PQ=="
      },
      "System.Runtime.CompilerServices.Unsafe": {
        "type": "Transitive",
        "resolved": "4.5.3",
        "contentHash": "3TIsJhD1EiiT0w2CcDMN/iSSwnNnsrnbzeVHSKkaEgV85txMprmuO+Yq2AdSbeVGcg28pdNDTPK87tJhX7VFHw=="
      },
      "System.Threading.Tasks.Extensions": {
        "type": "Transitive",
        "resolved": "4.5.4",
        "contentHash": "zteT+G8xuGu6mS+mzDzYXbzS7rd3K6Fjb9RiZlYlJPam2/hU7JCBZBVEcywNuR+oZ1ncTvc/cq0faRr3P01OVg==",
        "dependencies": {
          "System.Runtime.CompilerServices.Unsafe": "4.5.3"
        }
      }
    }
  }
}